
Microsoft Visual Studio Solution File, Format Version 12.00
# Visual Studio Version 16
VisualStudioVersion = 16.0.32002.261
MinimumVisualStudioVersion = 10.0.40219.1
Project("{FAE04EC0-301F-11D3-BF4B-00C04F79EFBC}") = "QLCH_DienThoai", "QLCH_DienThoai\QLCH_DienThoai.csproj", "{E313E2A6-7A02-4EC9-ABD1-B307C9514976}"
EndProject
Project("{54435603-DBB4-11D2-8724-00A0C9A8B90C}") = "Setup1", "C:\Users\Admin\Desktop\Setup1\Setup1.vdproj", "{4643927C-8714-44BF-B146-A4D02562D0ED}"
EndProject
Global
	GlobalSection(SolutionConfigurationPlatforms) = preSolution
		Debug|Any CPU = Debug|Any CPU
		Release|Any CPU = Release|Any CPU
	EndGlobalSection
	GlobalSection(ProjectConfigurationPlatforms) = postSolution
		{E313E2A6-7A02-4EC9-ABD1-B307C9514976}.Debug|Any CPU.ActiveCfg = Debug|Any CPU
		{E313E2A6-7A02-4EC9-ABD1-B307C9514976}.Debug|Any CPU.Build.0 = Debug|Any CPU
		{E313E2A6-7A02-4EC9-ABD1-B307C9514976}.Release|Any CPU.ActiveCfg = Release|Any CPU
		{E313E2A6-7A02-4EC9-ABD1-B307C9514976}.Release|Any CPU.Build.0 = Release|Any CPU
		{4643927C-8714-44BF-B146-A4D02562D0ED}.Debug|Any CPU.ActiveCfg = Debug
		{4643927C-8714-44BF-B146-A4D02562D0ED}.Release|Any CPU.ActiveCfg = Release
	EndGlobalSection
	GlobalSection(SolutionProperties) = preSolution
		HideSolutionNode = FALSE
	EndGlobalSection
	GlobalSection(ExtensibilityGlobals) = postSolution
		SolutionGuid = {9E986CCF-0298-4CD7-90CE-C9E29EFBC165}
	EndGlobalSection
EndGlobal
